
Microsoft Visual Studio Solution File, Format Version 12.00
# Visual Studio Version 16
VisualStudioVersion = 16.0.31205.134
MinimumVisualStudioVersion = 10.0.40219.1
Project("{FAE04EC0-301F-11D3-BF4B-00C04F79EFBC}") = "AddressBook", "AddressBook\AddressBook.csproj", "{A6A26B9A-6F9C-45C3-838D-3D0B60DD78C1}"
EndProject
Global
	GlobalSection(SolutionConfigurationPlatforms) = preSolution
		Debug|Any CPU = Debug|Any CPU
		Release|Any CPU = Release|Any CPU
	EndGlobalSection
	GlobalSection(ProjectConfigurationPlatforms) = postSolution
		{A6A26B9A-6F9C-45C3-838D-3D0B60DD78C1}.Debug|Any CPU.ActiveCfg = Debug|Any CPU
		{A6A26B9A-6F9C-45C3-838D-3D0B60DD78C1}.Debug|Any CPU.Build.0 = Debug|Any CPU
		{A6A26B9A-6F9C-45C3-838D-3D0B60DD78C1}.Release|Any CPU.ActiveCfg = Release|Any CPU
		{A6A26B9A-6F9C-45C3-838D-3D0B60DD78C1}.Release|Any CPU.Build.0 = Release|Any CPU
	EndGlobalSection
	GlobalSection(SolutionProperties) = preSolution
		HideSolutionNode = FALSE
	EndGlobalSection
	GlobalSection(ExtensibilityGlobals) = postSolution
		SolutionGuid = {4B96FDCC-2C43-4FE7-9EEB-1F91AF14A7F1}
	EndGlobalSection
EndGlobal
